
Microsoft Visual Studio Solution File, Format Version 12.00
# Visual Studio Version 16
VisualStudioVersion = 16.0.29609.76
MinimumVisualStudioVersion = 10.0.40219.1
Project("{9A19103F-16F7-4668-BE54-9A1E7A4F7556}") = "LibraryMVC", "LibraryMVC.csproj", "{C09B4DEA-D261-4588-950D-7CEE42ED786D}"
EndProject
Project("{9A19103F-16F7-4668-BE54-9A1E7A4F7556}") = "LibraryMVC.Domain", "..\LibraryMVC.Domain\LibraryMVC.Domain.csproj", "{B789D442-319D-427D-BF96-9FAD6B9627AF}"
EndProject
Project("{FAE04EC0-301F-11D3-BF4B-00C04F79EFBC}") = "LibraryMVC.Tests", "..\LibraryMVC.Tests\LibraryMVC.Tests.csproj", "{55CD96BE-4360-4399-B662-4ED62530C36B}"
EndProject
Global
	GlobalSection(SolutionConfigurationPlatforms) = preSolution
		Debug|Any CPU = Debug|Any CPU
		Release|Any CPU = Release|Any CPU
	EndGlobalSection
	GlobalSection(ProjectConfigurationPlatforms) = postSolution
		{C09B4DEA-D261-4588-950D-7CEE42ED786D}.Debug|Any CPU.ActiveCfg = Debug|Any CPU
		{C09B4DEA-D261-4588-950D-7CEE42ED786D}.Debug|Any CPU.Build.0 = Debug|Any CPU
		{C09B4DEA-D261-4588-950D-7CEE42ED786D}.Release|Any CPU.ActiveCfg = Release|Any CPU
		{C09B4DEA-D261-4588-950D-7CEE42ED786D}.Release|Any CPU.Build.0 = Release|Any CPU
		{B789D442-319D-427D-BF96-9FAD6B9627AF}.Debug|Any CPU.ActiveCfg = Debug|Any CPU
		{B789D442-319D-427D-BF96-9FAD6B9627AF}.Debug|Any CPU.Build.0 = Debug|Any CPU
		{B789D442-319D-427D-BF96-9FAD6B9627AF}.Release|Any CPU.ActiveCfg = Release|Any CPU
		{B789D442-319D-427D-BF96-9FAD6B9627AF}.Release|Any CPU.Build.0 = Release|Any CPU
		{55CD96BE-4360-4399-B662-4ED62530C36B}.Debug|Any CPU.ActiveCfg = Debug|Any CPU
		{55CD96BE-4360-4399-B662-4ED62530C36B}.Debug|Any CPU.Build.0 = Debug|Any CPU
		{55CD96BE-4360-4399-B662-4ED62530C36B}.Release|Any CPU.ActiveCfg = Release|Any CPU
		{55CD96BE-4360-4399-B662-4ED62530C36B}.Release|Any CPU.Build.0 = Release|Any CPU
	EndGlobalSection
	GlobalSection(SolutionProperties) = preSolution
		HideSolutionNode = FALSE
	EndGlobalSection
	GlobalSection(ExtensibilityGlobals) = postSolution
		SolutionGuid = {39E49652-B549-4D63-865C-747DABC0FF2C}
	EndGlobalSection
EndGlobal
